
Microsoft Visual Studio Solution File, Format Version 12.00
# Visual Studio Version 16
VisualStudioVersion = 16.0.30717.126
MinimumVisualStudioVersion = 10.0.40219.1
Project("{9A19103F-16F7-4668-BE54-9A1E7A4F7556}") = "pcf-ers-dotnetcore-demo", "src\pcf-ers-dotnetcore-demo.csproj", "{2DA8A923-42D1-4483-8804-515A28D90619}"
EndProject
Project("{9A19103F-16F7-4668-BE54-9A1E7A4F7556}") = "_build", "build\_build.csproj", "{DAD3677D-7C08-4EB3-B734-531F3030FE31}"
EndProject
Project("{FAE04EC0-301F-11D3-BF4B-00C04F79EFBC}") = "config", "config\config.csproj", "{F6F37344-75A8-4B15-922C-2A4EF61AF7A0}"
EndProject
Global
	GlobalSection(SolutionConfigurationPlatforms) = preSolution
		Debug|Any CPU = Debug|Any CPU
		Release|Any CPU = Release|Any CPU
	EndGlobalSection
	GlobalSection(ProjectConfigurationPlatforms) = postSolution
		{2DA8A923-42D1-4483-8804-515A28D90619}.Debug|Any CPU.ActiveCfg = Debug|Any CPU
		{2DA8A923-42D1-4483-8804-515A28D90619}.Debug|Any CPU.Build.0 = Debug|Any CPU
		{2DA8A923-42D1-4483-8804-515A28D90619}.Release|Any CPU.ActiveCfg = Release|Any CPU
		{2DA8A923-42D1-4483-8804-515A28D90619}.Release|Any CPU.Build.0 = Release|Any CPU
		{DAD3677D-7C08-4EB3-B734-531F3030FE31}.Debug|Any CPU.ActiveCfg = Debug|Any CPU
		{DAD3677D-7C08-4EB3-B734-531F3030FE31}.Release|Any CPU.ActiveCfg = Release|Any CPU
		{F6F37344-75A8-4B15-922C-2A4EF61AF7A0}.Debug|Any CPU.ActiveCfg = Debug|Any CPU
		{F6F37344-75A8-4B15-922C-2A4EF61AF7A0}.Release|Any CPU.ActiveCfg = Release|Any CPU
	EndGlobalSection
	GlobalSection(SolutionProperties) = preSolution
		HideSolutionNode = FALSE
	EndGlobalSection
	GlobalSection(ExtensibilityGlobals) = postSolution
		SolutionGuid = {F2B2B939-0F0E-4785-8A5A-3478BB715FFF}
	EndGlobalSection
EndGlobal
